// !$*UTF8*$!
{
	archiveVersion = 1;
	classes = {
	};
	objectVersion = 46;
	objects = {

/* Begin PBXBuildFile section */
		183D26F81C40EDB900DD0A66 /* main.m in Sources */ = {isa = PBXBuildFile; fileRef = 183D26F71C40EDB900DD0A66 /* main.m */; };
		183D26FB1C40EDB900DD0A66 /* AppDelegate.m in Sources */ = {isa = PBXBuildFile; fileRef = 183D26FA1C40EDB900DD0A66 /* AppDelegate.m */; };
		183D27011C40EDB900DD0A66 /* Main.storyboard in Resources */ = {isa = PBXBuildFile; fileRef = 183D26FF1C40EDB900DD0A66 /* Main.storyboard */; };
		183D27031C40EDB900DD0A66 /* Images.xcassets in Resources */ = {isa = PBXBuildFile; fileRef = 183D27021C40EDB900DD0A66 /* Images.xcassets */; };
		183D27061C40EDBA00DD0A66 /* LaunchScreen.xib in Resources */ = {isa = PBXBuildFile; fileRef = 183D27041C40EDBA00DD0A66 /* LaunchScreen.xib */; };
		183D27121C40EDBA00DD0A66 /* TableViewMultiSectionTests.m in Sources */ = {isa = PBXBuildFile; fileRef = 183D27111C40EDBA00DD0A66 /* TableViewMultiSectionTests.m */; };
		183D271C1C40EDD000DD0A66 /* List.plist in Resources */ = {isa = PBXBuildFile; fileRef = 183D271B1C40EDD000DD0A66 /* List.plist */; };
		1861F7D41C41039900B4D7E1 /* Continent.m in Sources */ = {isa = PBXBuildFile; fileRef = 1861F7D31C41039900B4D7E1 /* Continent.m */; };
		1861F7D71C4103A800B4D7E1 /* Country.m in Sources */ = {isa = PBXBuildFile; fileRef = 1861F7D61C4103A800B4D7E1 /* Country.m */; };
		1861F7DA1C4103BC00B4D7E1 /* WorldData.m in Sources */ = {isa = PBXBuildFile; fileRef = 1861F7D91C4103BC00B4D7E1 /* WorldData.m */; };
		1861F7DD1C410C5600B4D7E1 /* TableViewController.m in Sources */ = {isa = PBXBuildFile; fileRef = 1861F7DC1C410C5600B4D7E1 /* TableViewController.m */; };
		1861F7EB1C41164E00B4D7E1 /* Brazil.png in Resources */ = {isa = PBXBuildFile; fileRef = 1861F7DF1C41164E00B4D7E1 /* Brazil.png */; };
		1861F7EC1C41164E00B4D7E1 /* France.png in Resources */ = {isa = PBXBuildFile; fileRef = 1861F7E01C41164E00B4D7E1 /* France.png */; };
		1861F7ED1C41164E00B4D7E1 /* German.png in Resources */ = {isa = PBXBuildFile; fileRef = 1861F7E11C41164E00B4D7E1 /* German.png */; };
		1861F7EE1C41164E00B4D7E1 /* Indonesia.png in Resources */ = {isa = PBXBuildFile; fileRef = 1861F7E21C41164E00B4D7E1 /* Indonesia.png */; };
		1861F7EF1C41164E00B4D7E1 /* Japan.png in Resources */ = {isa = PBXBuildFile; fileRef = 1861F7E31C41164E00B4D7E1 /* Japan.png */; };
		1861F7F01C41164E00B4D7E1 /* Mexico.png in Resources */ = {isa = PBXBuildFile; fileRef = 1861F7E41C41164E00B4D7E1 /* Mexico.png */; };
		1861F7F11C41164E00B4D7E1 /* Russia.png in Resources */ = {isa = PBXBuildFile; fileRef = 1861F7E51C41164E00B4D7E1 /* Russia.png */; };
		1861F7F21C41164E00B4D7E1 /* Singapore.png in Resources */ = {isa = PBXBuildFile; fileRef = 1861F7E61C41164E00B4D7E1 /* Singapore.png */; };
		1861F7F31C41164E00B4D7E1 /* Spain.png in Resources */ = {isa = PBXBuildFile; fileRef = 1861F7E71C41164E00B4D7E1 /* Spain.png */; };
		1861F7F41C41164E00B4D7E1 /* United Kingdom.png in Resources */ = {isa = PBXBuildFile; fileRef = 1861F7E81C41164E00B4D7E1 /* United Kingdom.png */; };
		1861F7F51C41164E00B4D7E1 /* United States.png in Resources */ = {isa = PBXBuildFile; fileRef = 1861F7E91C41164E00B4D7E1 /* United States.png */; };
		1861F7F61C41164E00B4D7E1 /* Vietnam.png in Resources */ = {isa = PBXBuildFile; fileRef = 1861F7EA1C41164E00B4D7E1 /* Vietnam.png */; };
/* End PBXBuildFile section */

/* Begin PBXContainerItemProxy section */
		183D270C1C40EDBA00DD0A66 /* PBXContainerItemProxy */ = {
			isa = PBXContainerItemProxy;
			containerPortal = 183D26EA1C40EDB900DD0A66 /* Project object */;
			proxyType = 1;
			remoteGlobalIDString = 183D26F11C40EDB900DD0A66;
			remoteInfo = TableViewMultiSection;
		};
/* End PBXContainerItemProxy section */

/* Begin PBXFileReference section */
		183D26F21C40EDB900DD0A66 /* TableViewMultiSection.app */ = {isa = PBXFileReference; explicitFileType = wrapper.application; includeInIndex = 0; path = TableViewMultiSection.app; sourceTree = BUILT_PRODUCTS_DIR; };
		183D26F61C40EDB900DD0A66 /* Info.plist */ = {isa = PBXFileReference; lastKnownFileType = text.plist.xml; path = Info.plist; sourceTree = "<group>"; };
		183D26F71C40EDB900DD0A66 /* main.m */ = {isa = PBXFileReference; lastKnownFileType = sourcecode.c.objc; path = main.m; sourceTree = "<group>"; };
		183D26F91C40EDB900DD0A66 /* AppDelegate.h */ = {isa = PBXFileReference; lastKnownFileType = sourcecode.c.h; path = AppDelegate.h; sourceTree = "<group>"; };
		183D26FA1C40EDB900DD0A66 /* AppDelegate.m */ = {isa = PBXFileReference; lastKnownFileType = sourcecode.c.objc; path = AppDelegate.m; sourceTree = "<group>"; };
		183D27001C40EDB900DD0A66 /* Base */ = {isa = PBXFileReference; lastKnownFileType = file.storyboard; name = Base; path = Base.lproj/Main.storyboard; sourceTree = "<group>"; };
		183D27021C40EDB900DD0A66 /* Images.xcassets */ = {isa = PBXFileReference; lastKnownFileType = folder.assetcatalog; path = Images.xcassets; sourceTree = "<group>"; };
		183D27051C40EDBA00DD0A66 /* Base */ = {isa = PBXFileReference; lastKnownFileType = file.xib; name = Base; path = Base.lproj/LaunchScreen.xib; sourceTree = "<group>"; };
		183D270B1C40EDBA00DD0A66 /* TableViewMultiSectionTests.xctest */ = {isa = PBXFileReference; explicitFileType = wrapper.cfbundle; includeInIndex = 0; path = TableViewMultiSectionTests.xctest; sourceTree = BUILT_PRODUCTS_DIR; };
		183D27101C40EDBA00DD0A66 /* Info.plist */ = {isa = PBXFileReference; lastKnownFileType = text.plist.xml; path = Info.plist; sourceTree = "<group>"; };
		183D27111C40EDBA00DD0A66 /* TableViewMultiSectionTests.m */ = {isa = PBXFileReference; lastKnownFileType = sourcecode.c.objc; path = TableViewMultiSectionTests.m; sourceTree = "<group>"; };
		183D271B1C40EDD000DD0A66 /* List.plist */ = {isa = PBXFileReference; fileEncoding = 4; lastKnownFileType = text.plist.xml; path = List.plist; sourceTree = "<group>"; };
		1861F7D21C41039900B4D7E1 /* Continent.h */ = {isa = PBXFileReference; fileEncoding = 4; lastKnownFileType = sourcecode.c.h; path = Continent.h; sourceTree = "<group>"; };
		1861F7D31C41039900B4D7E1 /* Continent.m */ = {isa = PBXFileReference; fileEncoding = 4; lastKnownFileType = sourcecode.c.objc; path = Continent.m; sourceTree = "<group>"; };
		1861F7D51C4103A800B4D7E1 /* Country.h */ = {isa = PBXFileReference; fileEncoding = 4; lastKnownFileType = sourcecode.c.h; path = Country.h; sourceTree = "<group>"; };
		1861F7D61C4103A800B4D7E1 /* Country.m */ = {isa = PBXFileReference; fileEncoding = 4; lastKnownFileType = sourcecode.c.objc; path = Country.m; sourceTree = "<group>"; };
		1861F7D81C4103BC00B4D7E1 /* WorldData.h */ = {isa = PBXFileReference; fileEncoding = 4; lastKnownFileType = sourcecode.c.h; path = WorldData.h; sourceTree = "<group>"; };
		1861F7D91C4103BC00B4D7E1 /* WorldData.m */ = {isa = PBXFileReference; fileEncoding = 4; lastKnownFileType = sourcecode.c.objc; path = WorldData.m; sourceTree = "<group>"; };
		1861F7DB1C410C5600B4D7E1 /* TableViewController.h */ = {isa = PBXFileReference; fileEncoding = 4; lastKnownFileType = sourcecode.c.h; path = TableViewController.h; sourceTree = "<group>"; };
		1861F7DC1C410C5600B4D7E1 /* TableViewController.m */ = {isa = PBXFileReference; fileEncoding = 4; lastKnownFileType = sourcecode.c.objc; path = TableViewController.m; sourceTree = "<group>"; };
		1861F7DF1C41164E00B4D7E1 /* Brazil.png */ = {isa = PBXFileReference; lastKnownFileType = image.png; path = Brazil.png; sourceTree = "<group>"; };
		1861F7E01C41164E00B4D7E1 /* France.png */ = {isa = PBXFileReference; lastKnownFileType = image.png; path = France.png; sourceTree = "<group>"; };
		1861F7E11C41164E00B4D7E1 /* German.png */ = {isa = PBXFileReference; lastKnownFileType = image.png; path = German.png; sourceTree = "<group>"; };
		1861F7E21C41164E00B4D7E1 /* Indonesia.png */ = {isa = PBXFileReference; lastKnownFileType = image.png; path = Indonesia.png; sourceTree = "<group>"; };
		1861F7E31C41164E00B4D7E1 /* Japan.png */ = {isa = PBXFileReference; lastKnownFileType = image.png; path = Japan.png; sourceTree = "<group>"; };
		1861F7E41C41164E00B4D7E1 /* Mexico.png */ = {isa = PBXFileReference; lastKnownFileType = image.png; path = Mexico.png; sourceTree = "<group>"; };
		1861F7E51C41164E00B4D7E1 /* Russia.png */ = {isa = PBXFileReference; lastKnownFileType = image.png; path = Russia.png; sourceTree = "<group>"; };
		1861F7E61C41164E00B4D7E1 /* Singapore.png */ = {isa = PBXFileReference; lastKnownFileType = image.png; path = Singapore.png; sourceTree = "<group>"; };
		1861F7E71C41164E00B4D7E1 /* Spain.png */ = {isa = PBXFileReference; lastKnownFileType = image.png; path = Spain.png; sourceTree = "<group>"; };
		1861F7E81C41164E00B4D7E1 /* United Kingdom.png */ = {isa = PBXFileReference; lastKnownFileType = image.png; path = "United Kingdom.png"; sourceTree = "<group>"; };
		1861F7E91C41164E00B4D7E1 /* United States.png */ = {isa = PBXFileReference; lastKnownFileType = image.png; path = "United States.png"; sourceTree = "<group>"; };
		1861F7EA1C41164E00B4D7E1 /* Vietnam.png */ = {isa = PBXFileReference; lastKnownFileType = image.png; path = Vietnam.png; sourceTree = "<group>"; };
/* End PBXFileReference section */

/* Begin PBXFrameworksBuildPhase section */
		183D26EF1C40EDB900DD0A66 /* Frameworks */ = {
			isa = PBXFrameworksBuildPhase;
			buildActionMask = 2147483647;
			files = (
			);
			runOnlyForDeploymentPostprocessing = 0;
		};
		183D27081C40EDBA00DD0A66 /* Frameworks */ = {
			isa = PBXFrameworksBuildPhase;
			buildActionMask = 2147483647;
			files = (
			);
			runOnlyForDeploymentPostprocessing = 0;
		};
/* End PBXFrameworksBuildPhase section */

/* Begin PBXGroup section */
		183D26E91C40EDB900DD0A66 = {
			isa = PBXGroup;
			children = (
				183D26F41C40EDB900DD0A66 /* TableViewMultiSection */,
				183D270E1C40EDBA00DD0A66 /* TableViewMultiSectionTests */,
				183D26F31C40EDB900DD0A66 /* Products */,
			);
			sourceTree = "<group>";
		};
		183D26F31C40EDB900DD0A66 /* Products */ = {
			isa = PBXGroup;
			children = (
				183D26F21C40EDB900DD0A66 /* TableViewMultiSection.app */,
				183D270B1C40EDBA00DD0A66 /* TableViewMultiSectionTests.xctest */,
			);
			name = Products;
			sourceTree = "<group>";
		};
		183D26F41C40EDB900DD0A66 /* TableViewMultiSection */ = {
			isa = PBXGroup;
			children = (
				1861F7DB1C410C5600B4D7E1 /* TableViewController.h */,
				1861F7DC1C410C5600B4D7E1 /* TableViewController.m */,
				183D27201C40F2A500DD0A66 /* Model */,
				183D26F91C40EDB900DD0A66 /* AppDelegate.h */,
				183D26FA1C40EDB900DD0A66 /* AppDelegate.m */,
				183D26FF1C40EDB900DD0A66 /* Main.storyboard */,
				183D27021C40EDB900DD0A66 /* Images.xcassets */,
				183D27041C40EDBA00DD0A66 /* LaunchScreen.xib */,
				183D26F51C40EDB900DD0A66 /* Supporting Files */,
				183D271B1C40EDD000DD0A66 /* List.plist */,
			);
			path = TableViewMultiSection;
			sourceTree = "<group>";
		};
		183D26F51C40EDB900DD0A66 /* Supporting Files */ = {
			isa = PBXGroup;
			children = (
				1861F7DE1C41164E00B4D7E1 /* Photos */,
				183D26F61C40EDB900DD0A66 /* Info.plist */,
				183D26F71C40EDB900DD0A66 /* main.m */,
			);
			name = "Supporting Files";
			sourceTree = "<group>";
		};
		183D270E1C40EDBA00DD0A66 /* TableViewMultiSectionTests */ = {
			isa = PBXGroup;
			children = (
				183D27111C40EDBA00DD0A66 /* TableViewMultiSectionTests.m */,
				183D270F1C40EDBA00DD0A66 /* Supporting Files */,
			);
			path = TableViewMultiSectionTests;
			sourceTree = "<group>";
		};
		183D270F1C40EDBA00DD0A66 /* Supporting Files */ = {
			isa = PBXGroup;
			children = (
				183D27101C40EDBA00DD0A66 /* Info.plist */,
			);
			name = "Supporting Files";
			sourceTree = "<group>";
		};
		183D27201C40F2A500DD0A66 /* Model */ = {
			isa = PBXGroup;
			children = (
				1861F7D21C41039900B4D7E1 /* Continent.h */,
				1861F7D31C41039900B4D7E1 /* Continent.m */,
				1861F7D51C4103A800B4D7E1 /* Country.h */,
				1861F7D61C4103A800B4D7E1 /* Country.m */,
				1861F7D81C4103BC00B4D7E1 /* WorldData.h */,
				1861F7D91C4103BC00B4D7E1 /* WorldData.m */,
			);
			name = Model;
			sourceTree = "<group>";
		};
		1861F7DE1C41164E00B4D7E1 /* Photos */ = {
			isa = PBXGroup;
			children = (
				1861F7DF1C41164E00B4D7E1 /* Brazil.png */,
				1861F7E01C41164E00B4D7E1 /* France.png */,
				1861F7E11C41164E00B4D7E1 /* German.png */,
				1861F7E21C41164E00B4D7E1 /* Indonesia.png */,
				1861F7E31C41164E00B4D7E1 /* Japan.png */,
				1861F7E41C41164E00B4D7E1 /* Mexico.png */,
				1861F7E51C41164E00B4D7E1 /* Russia.png */,
				1861F7E61C41164E00B4D7E1 /* Singapore.png */,
				1861F7E71C41164E00B4D7E1 /* Spain.png */,
				1861F7E81C41164E00B4D7E1 /* United Kingdom.png */,
				1861F7E91C41164E00B4D7E1 /* United States.png */,
				1861F7EA1C41164E00B4D7E1 /* Vietnam.png */,
			);
			path = Photos;
			sourceTree = SOURCE_ROOT;
		};
/* End PBXGroup section */

/* Begin PBXNativeTarget section */
		183D26F11C40EDB900DD0A66 /* TableViewMultiSection */ = {
			isa = PBXNativeTarget;
			buildConfigurationList = 183D27151C40EDBA00DD0A66 /* Build configuration list for PBXNativeTarget "TableViewMultiSection" */;
			buildPhases = (
				183D26EE1C40EDB900DD0A66 /* Sources */,
				183D26EF1C40EDB900DD0A66 /* Frameworks */,
				183D26F01C40EDB900DD0A66 /* Resources */,
			);
			buildRules = (
			);
			dependencies = (
			);
			name = TableViewMultiSection;
			productName = TableViewMultiSection;
			productReference = 183D26F21C40EDB900DD0A66 /* TableViewMultiSection.app */;
			productType = "com.apple.product-type.application";
		};
		183D270A1C40EDBA00DD0A66 /* TableViewMultiSectionTests */ = {
			isa = PBXNativeTarget;
			buildConfigurationList = 183D27181C40EDBA00DD0A66 /* Build configuration list for PBXNativeTarget "TableViewMultiSectionTests" */;
			buildPhases = (
				183D27071C40EDBA00DD0A66 /* Sources */,
				183D27081C40EDBA00DD0A66 /* Frameworks */,
				183D27091C40EDBA00DD0A66 /* Resources */,
			);
			buildRules = (
			);
			dependencies = (
				183D270D1C40EDBA00DD0A66 /* PBXTargetDependency */,
			);
			name = TableViewMultiSectionTests;
			productName = TableViewMultiSectionTests;
			productReference = 183D270B1C40EDBA00DD0A66 /* TableViewMultiSectionTests.xctest */;
			productType = "com.apple.product-type.bundle.unit-test";
		};
/* End PBXNativeTarget section */

/* Begin PBXProject section */
		183D26EA1C40EDB900DD0A66 /* Project object */ = {
			isa = PBXProject;
			attributes = {
				LastUpgradeCheck = 0620;
				ORGANIZATIONNAME = AMOSC;
				TargetAttributes = {
					183D26F11C40EDB900DD0A66 = {
						CreatedOnToolsVersion = 6.2;
					};
					183D270A1C40EDBA00DD0A66 = {
						CreatedOnToolsVersion = 6.2;
						TestTargetID = 183D26F11C40EDB900DD0A66;
					};
				};
			};
			buildConfigurationList = 183D26ED1C40EDB900DD0A66 /* Build configuration list for PBXProject "TableViewMultiSection" */;
			compatibilityVersion = "Xcode 3.2";
			developmentRegion = English;
			hasScannedForEncodings = 0;
			knownRegions = (
				en,
				Base,
			);
			mainGroup = 183D26E91C40EDB900DD0A66;
			productRefGroup = 183D26F31C40EDB900DD0A66 /* Products */;
			projectDirPath = "";
			projectRoot = "";
			targets = (
				183D26F11C40EDB900DD0A66 /* TableViewMultiSection */,
				183D270A1C40EDBA00DD0A66 /* TableViewMultiSectionTests */,
			);
		};
/* End PBXProject section */

/* Begin PBXResourcesBuildPhase section */
		183D26F01C40EDB900DD0A66 /* Resources */ = {
			isa = PBXResourcesBuildPhase;
			buildActionMask = 2147483647;
			files = (
				1861F7EB1C41164E00B4D7E1 /* Brazil.png in Resources */,
				1861F7F51C41164E00B4D7E1 /* United States.png in Resources */,
				1861F7F61C41164E00B4D7E1 /* Vietnam.png in Resources */,
				1861F7F31C41164E00B4D7E1 /* Spain.png in Resources */,
				183D27011C40EDB900DD0A66 /* Main.storyboard in Resources */,
				1861F7EE1C41164E00B4D7E1 /* Indonesia.png in Resources */,
				183D27061C40EDBA00DD0A66 /* LaunchScreen.xib in Resources */,
				1861F7EF1C41164E00B4D7E1 /* Japan.png in Resources */,
				183D271C1C40EDD000DD0A66 /* List.plist in Resources */,
				1861F7ED1C41164E00B4D7E1 /* German.png in Resources */,
				1861F7EC1C41164E00B4D7E1 /* France.png in Resources */,
				1861F7F21C41164E00B4D7E1 /* Singapore.png in Resources */,
				1861F7F01C41164E00B4D7E1 /* Mexico.png in Resources */,
				1861F7F41C41164E00B4D7E1 /* United Kingdom.png in Resources */,
				183D27031C40EDB900DD0A66 /* Images.xcassets in Resources */,
				1861F7F11C41164E00B4D7E1 /* Russia.png in Resources */,
			);
			runOnlyForDeploymentPostprocessing = 0;
		};
		183D27091C40EDBA00DD0A66 /* Resources */ = {
			isa = PBXResourcesBuildPhase;
			buildActionMask = 2147483647;
			files = (
			);
			runOnlyForDeploymentPostprocessing = 0;
		};
/* End PBXResourcesBuildPhase section */

/* Begin PBXSourcesBuildPhase section */
		183D26EE1C40EDB900DD0A66 /* Sources */ = {
			isa = PBXSourcesBuildPhase;
			buildActionMask = 2147483647;
			files = (
				1861F7DA1C4103BC00B4D7E1 /* WorldData.m in Sources */,
				1861F7DD1C410C5600B4D7E1 /* TableViewController.m in Sources */,
				1861F7D41C41039900B4D7E1 /* Continent.m in Sources */,
				183D26FB1C40EDB900DD0A66 /* AppDelegate.m in Sources */,
				183D26F81C40EDB900DD0A66 /* main.m in Sources */,
				1861F7D71C4103A800B4D7E1 /* Country.m in Sources */,
			);
			runOnlyForDeploymentPostprocessing = 0;
		};
		183D27071C40EDBA00DD0A66 /* Sources */ = {
			isa = PBXSourcesBuildPhase;
			buildActionMask = 2147483647;
			files = (
				183D27121C40EDBA00DD0A66 /* TableViewMultiSectionTests.m in Sources */,
			);
			runOnlyForDeploymentPostprocessing = 0;
		};
/* End PBXSourcesBuildPhase section */

/* Begin PBXTargetDependency section */
		183D270D1C40EDBA00DD0A66 /* PBXTargetDependency */ = {
			isa = PBXTargetDependency;
			target = 183D26F11C40EDB900DD0A66 /* TableViewMultiSection */;
			targetProxy = 183D270C1C40EDBA00DD0A66 /* PBXContainerItemProxy */;
		};
/* End PBXTargetDependency section */

/* Begin PBXVariantGroup section */
		183D26FF1C40EDB900DD0A66 /* Main.storyboard */ = {
			isa = PBXVariantGroup;
			children = (
				183D27001C40EDB900DD0A66 /* Base */,
			);
			name = Main.storyboard;
			sourceTree = "<group>";
		};
		183D27041C40EDBA00DD0A66 /* LaunchScreen.xib */ = {
			isa = PBXVariantGroup;
			children = (
				183D27051C40EDBA00DD0A66 /* Base */,
			);
			name = LaunchScreen.xib;
			sourceTree = "<group>";
		};
/* End PBXVariantGroup section */

/* Begin XCBuildConfiguration section */
		183D27131C40EDBA00DD0A66 /* Debug */ = {
			isa = XCBuildConfiguration;
			buildSettings = {
				ALWAYS_SEARCH_USER_PATHS = NO;
				CLANG_CXX_LANGUAGE_STANDARD = "gnu++0x";
				CLANG_CXX_LIBRARY = "libc++";
				CLANG_ENABLE_MODULES = YES;
				CLANG_ENABLE_OBJC_ARC = YES;
				CLANG_WARN_BOOL_CONVERSION = YES;
				CLANG_WARN_CONSTANT_CONVERSION = YES;
				CLANG_WARN_DIRECT_OBJC_ISA_USAGE = YES_ERROR;
				CLANG_WARN_EMPTY_BODY = YES;
				CLANG_WARN_ENUM_CONVERSION = YES;
				CLANG_WARN_INT_CONVERSION = YES;
				CLANG_WARN_OBJC_ROOT_CLASS = YES_ERROR;
				CLANG_WARN_UNREACHABLE_CODE = YES;
				CLANG_WARN__DUPLICATE_METHOD_MATCH = YES;
				"CODE_SIGN_IDENTITY[sdk=iphoneos*]" = "iPhone Developer";
				COPY_PHASE_STRIP = NO;
				ENABLE_STRICT_OBJC_MSGSEND = YES;
				GCC_C_LANGUAGE_STANDARD = gnu99;
				GCC_DYNAMIC_NO_PIC = NO;
				GCC_OPTIMIZATION_LEVEL = 0;
				GCC_PREPROCESSOR_DEFINITIONS = (
					"DEBUG=1",
					"$(inherited)",
				);
				GCC_SYMBOLS_PRIVATE_EXTERN = NO;
				GCC_WARN_64_TO_32_BIT_CONVERSION = YES;
				GCC_WARN_ABOUT_RETURN_TYPE = YES_ERROR;
				GCC_WARN_UNDECLARED_SELECTOR = YES;
				GCC_WARN_UNINITIALIZED_AUTOS = YES_AGGRESSIVE;
				GCC_WARN_UNUSED_FUNCTION = YES;
				GCC_WARN_UNUSED_VARIABLE = YES;
				IPHONEOS_DEPLOYMENT_TARGET = 8.2;
				MTL_ENABLE_DEBUG_INFO = YES;
				ONLY_ACTIVE_ARCH = YES;
				SDKROOT = iphoneos;
			};
			name = Debug;
		};
		183D27141C40EDBA00DD0A66 /* Release */ = {
			isa = XCBuildConfiguration;
			buildSettings = {
				ALWAYS_SEARCH_USER_PATHS = NO;
				CLANG_CXX_LANGUAGE_STANDARD = "gnu++0x";
				CLANG_CXX_LIBRARY = "libc++";
				CLANG_ENABLE_MODULES = YES;
				CLANG_ENABLE_OBJC_ARC = YES;
				CLANG_WARN_BOOL_CONVERSION = YES;
				CLANG_WARN_CONSTANT_CONVERSION = YES;
				CLANG_WARN_DIRECT_OBJC_ISA_USAGE = YES_ERROR;
				CLANG_WARN_EMPTY_BODY = YES;
				CLANG_WARN_ENUM_CONVERSION = YES;
				CLANG_WARN_INT_CONVERSION = YES;
				CLANG_WARN_OBJC_ROOT_CLASS = YES_ERROR;
				CLANG_WARN_UNREACHABLE_CODE = YES;
				CLANG_WARN__DUPLICATE_METHOD_MATCH = YES;
				"CODE_SIGN_IDENTITY[sdk=iphoneos*]" = "iPhone Developer";
				COPY_PHASE_STRIP = NO;
				ENABLE_NS_ASSERTIONS = NO;
				ENABLE_STRICT_OBJC_MSGSEND = YES;
				GCC_C_LANGUAGE_STANDARD = gnu99;
				GCC_WARN_64_TO_32_BIT_CONVERSION = YES;
				GCC_WARN_ABOUT_RETURN_TYPE = YES_ERROR;
				GCC_WARN_UNDECLARED_SELECTOR = YES;
				GCC_WARN_UNINITIALIZED_AUTOS = YES_AGGRESSIVE;
				GCC_WARN_UNUSED_FUNCTION = YES;
				GCC_WARN_UNUSED_VARIABLE = YES;
				IPHONEOS_DEPLOYMENT_TARGET = 8.2;
				MTL_ENABLE_DEBUG_INFO = NO;
				SDKROOT = iphoneos;
				VALIDATE_PRODUCT = YES;
			};
			name = Release;
		};
		183D27161C40EDBA00DD0A66 /* Debug */ = {
			isa = XCBuildConfiguration;
			buildSettings = {
				ASSETCATALOG_COMPILER_APPICON_NAME = AppIcon;
				INFOPLIST_FILE = TableViewMultiSection/Info.plist;
				LD_RUNPATH_SEARCH_PATHS = "$(inherited) @executable_path/Frameworks";
				PRODUCT_NAME = "$(TARGET_NAME)";
			};
			name = Debug;
		};
		183D27171C40EDBA00DD0A66 /* Release */ = {
			isa = XCBuildConfiguration;
			buildSettings = {
				ASSETCATALOG_COMPILER_APPICON_NAME = AppIcon;
				INFOPLIST_FILE = TableViewMultiSection/Info.plist;
				LD_RUNPATH_SEARCH_PATHS = "$(inherited) @executable_path/Frameworks";
				PRODUCT_NAME = "$(TARGET_NAME)";
			};
			name = Release;
		};
		183D27191C40EDBA00DD0A66 /* Debug */ = {
			isa = XCBuildConfiguration;
			buildSettings = {
				BUNDLE_LOADER = "$(TEST_HOST)";
				FRAMEWORK_SEARCH_PATHS = (
					"$(SDKROOT)/Developer/Library/Frameworks",
					"$(inherited)",
				);
				GCC_PREPROCESSOR_DEFINITIONS = (
					"DEBUG=1",
					"$(inherited)",
				);
				INFOPLIST_FILE = TableViewMultiSectionTests/Info.plist;
				LD_RUNPATH_SEARCH_PATHS = "$(inherited) @executable_path/Frameworks @loader_path/Frameworks";
				PRODUCT_NAME = "$(TARGET_NAME)";
				TEST_HOST = "$(BUILT_PRODUCTS_DIR)/TableViewMultiSection.app/TableViewMultiSection";
			};
			name = Debug;
		};
		183D271A1C40EDBA00DD0A66 /* Release */ = {
			isa = XCBuildConfiguration;
			buildSettings = {
				BUNDLE_LOADER = "$(TEST_HOST)";
				FRAMEWORK_SEARCH_PATHS = (
					"$(SDKROOT)/Developer/Library/Frameworks",
					"$(inherited)",
				);
				INFOPLIST_FILE = TableViewMultiSectionTests/Info.plist;
				LD_RUNPATH_SEARCH_PATHS = "$(inherited) @executable_path/Frameworks @loader_path/Frameworks";
				PRODUCT_NAME = "$(TARGET_NAME)";
				TEST_HOST = "$(BUILT_PRODUCTS_DIR)/TableViewMultiSection.app/TableViewMultiSection";
			};
			name = Release;
		};
/* End XCBuildConfiguration section */

/* Begin XCConfigurationList section */
		183D26ED1C40EDB900DD0A66 /* Build configuration list for PBXProject "TableViewMultiSection" */ = {
			isa = XCConfigurationList;
			buildConfigurations = (
				183D27131C40EDBA00DD0A66 /* Debug */,
				183D27141C40EDBA00DD0A66 /* Release */,
			);
			defaultConfigurationIsVisible = 0;
			defaultConfigurationName = Release;
		};
		183D27151C40EDBA00DD0A66 /* Build configuration list for PBXNativeTarget "TableViewMultiSection" */ = {
			isa = XCConfigurationList;
			buildConfigurations = (
				183D27161C40EDBA00DD0A66 /* Debug */,
				183D27171C40EDBA00DD0A66 /* Release */,
			);
			defaultConfigurationIsVisible = 0;
			defaultConfigurationName = Release;
		};
		183D27181C40EDBA00DD0A66 /* Build configuration list for PBXNativeTarget "TableViewMultiSectionTests" */ = {
			isa = XCConfigurationList;
			buildConfigurations = (
				183D27191C40EDBA00DD0A66 /* Debug */,
				183D271A1C40EDBA00DD0A66 /* Release */,
			);
			defaultConfigurationIsVisible = 0;
			defaultConfigurationName = Release;
		};
/* End XCConfigurationList section */
	};
	rootObject = 183D26EA1C40EDB900DD0A66 /* Project object */;
}
